<?xml version="1.0" encoding="utf-8"?>
<Project ToolsVersion="4.0" xmlns="http://schemas.microsoft.com/developer/msbuild/2003">
  <ItemGroup>
    <Filter Include="Source Files">
      <UniqueIdentifier>{4FC737F1-C7A5-4376-A066-2A32D752A2FF}</UniqueIdentifier>
      <Extensions>cpp;c;cc;cxx;def;odl;idl;hpj;bat;asm;asmx</Extensions>
    </Filter>
    <Filter Include="Camera">
      <UniqueIdentifier>{47df07a9-462c-412a-98d8-204d70eddab1}</UniqueIdentifier>
    </Filter>
    <Filter Include="GameEngine">
      <UniqueIdentifier>{686118a0-0e9e-4a01-b7e3-f39081a080bd}</UniqueIdentifier>
    </Filter>
    <Filter Include="Input">
      <UniqueIdentifier>{363fa963-998c-40af-9851-a212641b958d}</UniqueIdentifier>
    </Filter>
    <Filter Include="Timer">
      <UniqueIdentifier>{51adb82e-d495-419f-bd12-094a100d54c6}</UniqueIdentifier>
    </Filter>
    <Filter Include="Graphics">
      <UniqueIdentifier>{095a9c55-b65e-41a8-bb2a-4e449b4150af}</UniqueIdentifier>
    </Filter>
    <Filter Include="Graphics\Base">
      <UniqueIdentifier>{71769a60-bceb-4065-a9a3-8972a5c57268}</UniqueIdentifier>
    </Filter>
    <Filter Include="Graphics\Shaders">
      <UniqueIdentifier>{de7ceed8-9c47-451d-9425-84a2274dd545}</UniqueIdentifier>
    </Filter>
    <Filter Include="Graphics\Shaders\ColourShader">
      <UniqueIdentifier>{4452a5e2-a24f-400d-9d34-dfb82c715b98}</UniqueIdentifier>
    </Filter>
    <Filter Include="Graphics\Shaders\Concrete">
      <UniqueIdentifier>{19964ad9-55de-49ee-ae39-fbf77a28ecb8}</UniqueIdentifier>
    </Filter>
    <Filter Include="Graphics\Primitives">
      <UniqueIdentifier>{207e639f-afd4-4758-98cc-ecbd02433b1e}</UniqueIdentifier>
    </Filter>
    <Filter Include="Graphics\Primitives\Triangle">
      <UniqueIdentifier>{02b44d0f-d392-4963-bdb3-2e556a52a94d}</UniqueIdentifier>
    </Filter>
    <Filter Include="Graphics\Shaders\Base">
      <UniqueIdentifier>{bec13a6b-1c0a-4a84-bf5d-1dd46c586440}</UniqueIdentifier>
    </Filter>
    <Filter Include="Tracer">
      <UniqueIdentifier>{06ece579-da63-4e7e-a836-87e5b7b2ca6e}</UniqueIdentifier>
    </Filter>
    <Filter Include="Window">
      <UniqueIdentifier>{0230994a-5592-4231-9dd7-5fbf890afc76}</UniqueIdentifier>
    </Filter>
    <Filter Include="DirectX">
      <UniqueIdentifier>{9968c2e1-73c0-4776-a2b5-66993da02a81}</UniqueIdentifier>
    </Filter>
    <Filter Include="Graphics\Primitives\Sphere">
      <UniqueIdentifier>{10a8329d-5a70-4a76-9293-32fe0774b509}</UniqueIdentifier>
    </Filter>
    <Filter Include="Networking">
      <UniqueIdentifier>{adc64b5d-3288-43aa-864d-d17c087dac2d}</UniqueIdentifier>
    </Filter>
    <Filter Include="Physics">
      <UniqueIdentifier>{c155f9ed-5cb4-4cc8-9ddd-bada9739c54b}</UniqueIdentifier>
    </Filter>
    <Filter Include="GUI">
      <UniqueIdentifier>{9916ae4c-a23f-40a5-97bb-fdd0828f99eb}</UniqueIdentifier>
    </Filter>
    <Filter Include="Graphics\Texture">
      <UniqueIdentifier>{7d13d3c7-a474-41bc-b28a-4e40cac41e57}</UniqueIdentifier>
    </Filter>
    <Filter Include="Graphics\Primitives\Plane">
      <UniqueIdentifier>{66215603-3288-49d3-a666-b54e7032e014}</UniqueIdentifier>
    </Filter>
    <Filter Include="Graphics\Primitives\Cylinder">
      <UniqueIdentifier>{7a261c7e-e0f5-4137-b404-521144ed4379}</UniqueIdentifier>
    </Filter>
    <Filter Include="Physics\ContactManifold">
      <UniqueIdentifier>{9b088bb3-d2b3-4aa9-a28e-f807f5e9fb53}</UniqueIdentifier>
    </Filter>
    <Filter Include="Physics\GravityWell">
      <UniqueIdentifier>{c1de4401-1ed1-4fb2-a2cc-7a24d819f1fa}</UniqueIdentifier>
    </Filter>
  </ItemGroup>
  <ItemGroup>
    <ClCompile Include="Main.cpp">
      <Filter>Source Files</Filter>
    </ClCompile>
    <ClCompile Include="Camera\Camera.cpp">
      <Filter>Camera</Filter>
    </ClCompile>
    <ClCompile Include="Window\Windowing.cpp">
      <Filter>Window</Filter>
    </ClCompile>
    <ClCompile Include="Tracer\Trace.cpp">
      <Filter>Tracer</Filter>
    </ClCompile>
    <ClCompile Include="Timer\Time.cpp">
      <Filter>Timer</Filter>
    </ClCompile>
    <ClCompile Include="Input\Command.cpp">
      <Filter>Input</Filter>
    </ClCompile>
    <ClCompile Include="Input\Input.cpp">
      <Filter>Input</Filter>
    </ClCompile>
    <ClCompile Include="Input\InputHandler.cpp">
      <Filter>Input</Filter>
    </ClCompile>
    <ClCompile Include="Input\KeyDownCommand.cpp">
      <Filter>Input</Filter>
    </ClCompile>
    <ClCompile Include="DirectX\Direct_X.cpp">
      <Filter>DirectX</Filter>
    </ClCompile>
    <ClCompile Include="GameEngine\GameEngine.cpp">
      <Filter>GameEngine</Filter>
    </ClCompile>
    <ClCompile Include="Graphics\Shaders\Concrete\CShader.cpp">
      <Filter>Graphics\Shaders\Concrete</Filter>
    </ClCompile>
    <ClCompile Include="Graphics\Shaders\Colour\ColourShader.cpp">
      <Filter>Graphics\Shaders\ColourShader</Filter>
    </ClCompile>
    <ClCompile Include="Graphics\Primitives\Sphere\Sphere.cpp">
      <Filter>Graphics\Primitives\Sphere</Filter>
    </ClCompile>
    <ClCompile Include="GUI\UI.cpp">
      <Filter>GUI</Filter>
    </ClCompile>
    <ClCompile Include="Graphics\Texture\Texture.cpp">
      <Filter>Graphics\Texture</Filter>
    </ClCompile>
    <ClCompile Include="Graphics\Primitives\Arena\Cylinder.cpp">
      <Filter>Graphics\Primitives\Cylinder</Filter>
    </ClCompile>
    <ClCompile Include="Physics\ContactManifold.cpp">
      <Filter>Physics\ContactManifold</Filter>
    </ClCompile>
    <ClCompile Include="GravityWell.cpp">
      <Filter>Physics\GravityWell</Filter>
    </ClCompile>
  </ItemGroup>
  <ItemGroup>
    <ClInclude Include="Camera\Camera.h">
      <Filter>Camera</Filter>
    </ClInclude>
    <ClInclude Include="Window\Windowing.h">
      <Filter>Window</Filter>
    </ClInclude>
    <ClInclude Include="Tracer\Trace.hpp">
      <Filter>Tracer</Filter>
    </ClInclude>
    <ClInclude Include="Timer\Time.h">
      <Filter>Timer</Filter>
    </ClInclude>
    <ClInclude Include="Input\Command.h">
      <Filter>Input</Filter>
    </ClInclude>
    <ClInclude Include="Input\Input.h">
      <Filter>Input</Filter>
    </ClInclude>
    <ClInclude Include="Input\InputHandler.h">
      <Filter>Input</Filter>
    </ClInclude>
    <ClInclude Include="Input\KeyDownCommand.h">
      <Filter>Input</Filter>
    </ClInclude>
    <ClInclude Include="DirectX\Direct_X.h">
      <Filter>DirectX</Filter>
    </ClInclude>
    <ClInclude Include="GameEngine\GameEngine.h">
      <Filter>GameEngine</Filter>
    </ClInclude>
    <ClInclude Include="Graphics\Base\Renderer.h">
      <Filter>Graphics\Base</Filter>
    </ClInclude>
    <ClInclude Include="Graphics\Shaders\Base\Shader.h">
      <Filter>Graphics\Shaders\Base</Filter>
    </ClInclude>
    <ClInclude Include="Graphics\Shaders\Concrete\CShader.h">
      <Filter>Graphics\Shaders\Concrete</Filter>
    </ClInclude>
    <ClInclude Include="Graphics\Shaders\Colour\ColourShader.h">
      <Filter>Graphics\Shaders\ColourShader</Filter>
    </ClInclude>
    <ClInclude Include="Graphics\Primitives\Sphere\Sphere.h">
      <Filter>Graphics\Primitives\Sphere</Filter>
    </ClInclude>
    <ClInclude Include="GUI\UI.h">
      <Filter>GUI</Filter>
    </ClInclude>
    <ClInclude Include="Graphics\Texture\Texture.h">
      <Filter>Graphics\Texture</Filter>
    </ClInclude>
    <ClInclude Include="Timer\StepTime.h">
      <Filter>Timer</Filter>
    </ClInclude>
    <ClInclude Include="Graphics\Primitives\Arena\Cylinder.h">
      <Filter>Graphics\Primitives\Cylinder</Filter>
    </ClInclude>
    <ClInclude Include="Physics\ContactManifold.h">
      <Filter>Physics\ContactManifold</Filter>
    </ClInclude>
    <ClInclude Include="GravityWell.h">
      <Filter>Physics\GravityWell</Filter>
    </ClInclude>
  </ItemGroup>
  <ItemGroup>
    <None Include="packages.config" />
  </ItemGroup>
</Project>